{
  "requires": true,
  "lockfileVersion": 1,
  "dependencies": {
    "node-red-contrib-timerswitch": {
      "version": "1.2.3",
      "resolved": "https://registry.npmjs.org/node-red-contrib-timerswitch/-/node-red-contrib-timerswitch-1.2.3.tgz",
      "integrity": "sha512-eNIw4AACMRbHAz8pi7OwmXZixng3kH7pzIdozzCMC0PeAK+uFRIKMMg2mScPzaLXrSPkdS/UJ4B3g9tTLJ5VAQ=="
    }
  }
}
